
Microsoft Visual Studio Solution File, Format Version 12.00
# Visual Studio Version 17
VisualStudioVersion = 17.0.31919.166
MinimumVisualStudioVersion = 10.0.40219.1
Project("{9A19103F-16F7-4668-BE54-9A1E7A4F7556}") = "Swoft", "src\Swoft\Swoft.csproj", "{EA0A5A22-75EC-4C2C-B5AE-AAA891458D4F}"
EndProject
Project("{9A19103F-16F7-4668-BE54-9A1E7A4F7556}") = "Swoft.CLI", "src\Swoft.CLI\Swoft.CLI.csproj", "{08524ACB-C37D-4E00-A56C-A8B0DA58798E}"
EndProject
Project("{9A19103F-16F7-4668-BE54-9A1E7A4F7556}") = "TinyLex", "src\TinyLex\TinyLex.csproj", "{6C1DFAEB-3B1C-463F-88B7-0AC16D74B811}"
EndProject
Project("{FAE04EC0-301F-11D3-BF4B-00C04F79EFBC}") = "Swoft.Debug", "src\Swoft.Debug\Swoft.Debug.csproj", "{105A678A-5DDC-49EF-901E-1A4FF030693D}"
EndProject
Global
	GlobalSection(SolutionConfigurationPlatforms) = preSolution
		Debug|Any CPU = Debug|Any CPU
		Release|Any CPU = Release|Any CPU
	EndGlobalSection
	GlobalSection(ProjectConfigurationPlatforms) = postSolution
		{EA0A5A22-75EC-4C2C-B5AE-AAA891458D4F}.Debug|Any CPU.ActiveCfg = Debug|Any CPU
		{EA0A5A22-75EC-4C2C-B5AE-AAA891458D4F}.Debug|Any CPU.Build.0 = Debug|Any CPU
		{EA0A5A22-75EC-4C2C-B5AE-AAA891458D4F}.Release|Any CPU.ActiveCfg = Release|Any CPU
		{EA0A5A22-75EC-4C2C-B5AE-AAA891458D4F}.Release|Any CPU.Build.0 = Release|Any CPU
		{08524ACB-C37D-4E00-A56C-A8B0DA58798E}.Debug|Any CPU.ActiveCfg = Debug|Any CPU
		{08524ACB-C37D-4E00-A56C-A8B0DA58798E}.Debug|Any CPU.Build.0 = Debug|Any CPU
		{08524ACB-C37D-4E00-A56C-A8B0DA58798E}.Release|Any CPU.ActiveCfg = Release|Any CPU
		{08524ACB-C37D-4E00-A56C-A8B0DA58798E}.Release|Any CPU.Build.0 = Release|Any CPU
		{6C1DFAEB-3B1C-463F-88B7-0AC16D74B811}.Debug|Any CPU.ActiveCfg = Debug|Any CPU
		{6C1DFAEB-3B1C-463F-88B7-0AC16D74B811}.Debug|Any CPU.Build.0 = Debug|Any CPU
		{6C1DFAEB-3B1C-463F-88B7-0AC16D74B811}.Release|Any CPU.ActiveCfg = Release|Any CPU
		{6C1DFAEB-3B1C-463F-88B7-0AC16D74B811}.Release|Any CPU.Build.0 = Release|Any CPU
		{105A678A-5DDC-49EF-901E-1A4FF030693D}.Debug|Any CPU.ActiveCfg = Debug|Any CPU
		{105A678A-5DDC-49EF-901E-1A4FF030693D}.Debug|Any CPU.Build.0 = Debug|Any CPU
		{105A678A-5DDC-49EF-901E-1A4FF030693D}.Release|Any CPU.ActiveCfg = Release|Any CPU
		{105A678A-5DDC-49EF-901E-1A4FF030693D}.Release|Any CPU.Build.0 = Release|Any CPU
	EndGlobalSection
	GlobalSection(SolutionProperties) = preSolution
		HideSolutionNode = FALSE
	EndGlobalSection
	GlobalSection(ExtensibilityGlobals) = postSolution
		SolutionGuid = {DD5A07C4-5F6B-4124-9EB9-6EA2B3D8511B}
	EndGlobalSection
EndGlobal
